{
  "name": "@newbe36524/myskills-repo",
  "lockfileVersion": 3,
  "requires": true,
  "packages": {
    "": {
      "name": "@newbe36524/myskills-repo",
      "dependencies": {
        "@hagicode/skillsbase": "file:../skillsbase"
      },
      "engines": {
        "node": ">=22.12.0",
        "npm": ">=10.9.2"
      }
    },
    "../skillsbase": {
      "name": "@hagicode/skillsbase",
      "version": "0.1.0",
      "bin": {
        "skillsbase": "bin/skillsbase.mjs"
      },
      "devDependencies": {
        "@types/node": "^24.0.0",
        "tsx": "^4.20.6",
        "typescript": "^5.9.3",
        "vite": "^8.0.0"
      },
      "engines": {
        "node": ">=22.12.0",
        "npm": ">=10.9.2"
      }
    },
    "node_modules/@hagicode/skillsbase": {
      "resolved": "../skillsbase",
      "link": true
    }
  }
}
