{
  "name": "@newbe36524/myskills-repo",
  "lockfileVersion": 3,
  "requires": true,
  "packages": {
    "": {
      "name": "@newbe36524/myskills-repo",
      "dependencies": {
        "@hagicode/skillsbase": "0.1.1"
      },
      "engines": {
        "node": ">=22.12.0",
        "npm": ">=10.9.2"
      }
    },
    "node_modules/@hagicode/skillsbase": {
      "version": "0.1.1",
      "resolved": "https://registry.npmjs.org/@hagicode/skillsbase/-/skillsbase-0.1.1.tgz",
      "integrity": "sha512-GAi3But+3J5MoG/0K9bVVf3IG4yR8g0yXbFjhzOtSKbe8Fn7tMFovKtAB/ofxJaroUAdXIwVRYLIMEOnp1Wf+Q==",
      "bin": {
        "skillsbase": "bin/skillsbase.mjs"
      },
      "engines": {
        "node": ">=22.12.0",
        "npm": ">=10.9.2"
      }
    }
  }
}
